
Microsoft Visual Studio Solution File, Format Version 12.00
# Visual Studio Version 16
VisualStudioVersion = 16.0.30114.105
MinimumVisualStudioVersion = 10.0.40219.1
Project("{9A19103F-16F7-4668-BE54-9A1E7A4F7556}") = "blazor-redux", "blazor-redux.csproj", "{81E0E73B-6263-4BD1-8AA6-F6AD0B7259FC}"
EndProject
Global
	GlobalSection(SolutionConfigurationPlatforms) = preSolution
		Debug|Any CPU = Debug|Any CPU
		Release|Any CPU = Release|Any CPU
	EndGlobalSection
	GlobalSection(ProjectConfigurationPlatforms) = postSolution
		{81E0E73B-6263-4BD1-8AA6-F6AD0B7259FC}.Debug|Any CPU.ActiveCfg = Debug|Any CPU
		{81E0E73B-6263-4BD1-8AA6-F6AD0B7259FC}.Debug|Any CPU.Build.0 = Debug|Any CPU
		{81E0E73B-6263-4BD1-8AA6-F6AD0B7259FC}.Release|Any CPU.ActiveCfg = Release|Any CPU
		{81E0E73B-6263-4BD1-8AA6-F6AD0B7259FC}.Release|Any CPU.Build.0 = Release|Any CPU
	EndGlobalSection
	GlobalSection(SolutionProperties) = preSolution
		HideSolutionNode = FALSE
	EndGlobalSection
	GlobalSection(ExtensibilityGlobals) = postSolution
		SolutionGuid = {B7CAC6EA-780D-40E6-AF4C-1B4A3E0EB5DA}
	EndGlobalSection
EndGlobal
