
Microsoft Visual Studio Solution File, Format Version 12.00
# Visual Studio Version 16
VisualStudioVersion = 16.0.30114.105
MinimumVisualStudioVersion = 10.0.40219.1
Project("{9A19103F-16F7-4668-BE54-9A1E7A4F7556}") = "BlazorRedux", "blazor-redux.web\BlazorRedux.csproj", "{EDAEAFFF-C0DC-45F3-A008-4D8C5B23F5E0}"
EndProject
Project("{9A19103F-16F7-4668-BE54-9A1E7A4F7556}") = "BlazorRedux.Dto", "BlazorRedux.Dto\BlazorRedux.Dto.csproj", "{4532B354-D333-49EC-8F3A-CC6622B02B1B}"
EndProject
Global
	GlobalSection(SolutionConfigurationPlatforms) = preSolution
		Debug|Any CPU = Debug|Any CPU
		Release|Any CPU = Release|Any CPU
	EndGlobalSection
	GlobalSection(ProjectConfigurationPlatforms) = postSolution
		{EDAEAFFF-C0DC-45F3-A008-4D8C5B23F5E0}.Debug|Any CPU.ActiveCfg = Debug|Any CPU
		{EDAEAFFF-C0DC-45F3-A008-4D8C5B23F5E0}.Debug|Any CPU.Build.0 = Debug|Any CPU
		{EDAEAFFF-C0DC-45F3-A008-4D8C5B23F5E0}.Release|Any CPU.ActiveCfg = Release|Any CPU
		{EDAEAFFF-C0DC-45F3-A008-4D8C5B23F5E0}.Release|Any CPU.Build.0 = Release|Any CPU
		{4532B354-D333-49EC-8F3A-CC6622B02B1B}.Debug|Any CPU.ActiveCfg = Debug|Any CPU
		{4532B354-D333-49EC-8F3A-CC6622B02B1B}.Debug|Any CPU.Build.0 = Debug|Any CPU
		{4532B354-D333-49EC-8F3A-CC6622B02B1B}.Release|Any CPU.ActiveCfg = Release|Any CPU
		{4532B354-D333-49EC-8F3A-CC6622B02B1B}.Release|Any CPU.Build.0 = Release|Any CPU
	EndGlobalSection
	GlobalSection(SolutionProperties) = preSolution
		HideSolutionNode = FALSE
	EndGlobalSection
	GlobalSection(ExtensibilityGlobals) = postSolution
		SolutionGuid = {B7CAC6EA-780D-40E6-AF4C-1B4A3E0EB5DA}
	EndGlobalSection
EndGlobal
